{
  "version": "5",
  "specifiers": {
    "jsr:@b-fuze/deno-dom@*": "0.1.56",
    "jsr:@denosaurs/plug@1.1.0": "1.1.0",
    "jsr:@std/assert@1": "1.0.13",
    "jsr:@std/cli@1": "1.0.21",
    "jsr:@std/encoding@1": "1.0.10",
    "jsr:@std/fmt@1": "1.0.8",
    "jsr:@std/fs@1": "1.0.19",
    "jsr:@std/internal@^1.0.6": "1.0.10",
    "jsr:@std/internal@^1.0.9": "1.0.10",
    "jsr:@std/path@1": "1.1.1",
    "jsr:@std/path@^1.1.1": "1.1.1",
    "npm:node-nlp@*": "5.0.0-alpha.5",
    "npm:p-queue@*": "8.1.0",
    "npm:p-queue@^8.1.0": "8.1.0"
  },
  "jsr": {
    "@b-fuze/deno-dom@0.1.56": {
      "integrity": "8030e2dc1d8750f1682b53462ab893d9c3470f2287feecbe22f44a88c54ab148",
      "dependencies": [
        "jsr:@denosaurs/plug"
      ]
    },
    "@denosaurs/plug@1.1.0": {
      "integrity": "eb2f0b7546c7bca2000d8b0282c54d50d91cf6d75cb26a80df25a6de8c4bc044",
      "dependencies": [
        "jsr:@std/encoding",
        "jsr:@std/fmt",
        "jsr:@std/fs",
        "jsr:@std/path@1"
      ]
    },
    "@std/assert@1.0.13": {
      "integrity": "ae0d31e41919b12c656c742b22522c32fb26ed0cba32975cb0de2a273cb68b29",
      "dependencies": [
        "jsr:@std/internal@^1.0.6"
      ]
    },
    "@std/cli@1.0.21": {
      "integrity": "cd25b050bdf6282e321854e3822bee624f07aca7636a3a76d95f77a3a919ca2a"
    },
    "@std/encoding@1.0.10": {
      "integrity": "8783c6384a2d13abd5e9e87a7ae0520a30e9f56aeeaa3bdf910a3eaaf5c811a1"
    },
    "@std/fmt@1.0.8": {
      "integrity": "71e1fc498787e4434d213647a6e43e794af4fd393ef8f52062246e06f7e372b7"
    },
    "@std/fs@1.0.19": {
      "integrity": "051968c2b1eae4d2ea9f79a08a3845740ef6af10356aff43d3e2ef11ed09fb06",
      "dependencies": [
        "jsr:@std/internal@^1.0.9",
        "jsr:@std/path@^1.1.1"
      ]
    },
    "@std/internal@1.0.10": {
      "integrity": "e3be62ce42cab0e177c27698e5d9800122f67b766a0bea6ca4867886cbde8cf7"
    },
    "@std/path@1.1.1": {
      "integrity": "fe00026bd3a7e6a27f73709b83c607798be40e20c81dde655ce34052fd82ec76",
      "dependencies": [
        "jsr:@std/internal@^1.0.9"
      ]
    }
  },
  "npm": {
    "@microsoft/recognizers-text-choice@1.3.1": {
      "integrity": "sha512-HubunMJVq/OetmdvcAmBh5skMlg+yiScm3V2wNyNZIVvLgli4+8nzbg/W/fI9dpaf6wv9ZQ7d2IYvn8swJBo3A==",
      "dependencies": [
        "@microsoft/recognizers-text",
        "grapheme-splitter"
      ]
    },
    "@microsoft/recognizers-text-data-types-timex-expression@1.3.1": {
      "integrity": "sha512-jarJIFIJZBqeofy3hh0vdQo1yOmTM+jCjj6/zmo9JunsQ6LO750eZHCg9eLptQhsvq321XCt5xdRNLCwU8YeNA=="
    },
    "@microsoft/recognizers-text-date-time@1.3.2": {
      "integrity": "sha512-fUEGOTccS55ZY0erzjS1bunJYA9lGXjcZoru5oPOlnxbJS4Lk0ylgdH2Ub2EjAyqr8DIJhdLNOEesCdAXMvlNg==",
      "dependencies": [
        "@microsoft/recognizers-text",
        "@microsoft/recognizers-text-number",
        "@microsoft/recognizers-text-number-with-unit",
        "lodash"
      ]
    },
    "@microsoft/recognizers-text-number-with-unit@1.3.1": {
      "integrity": "sha512-gzCpPP4zQ5Vb+RHaWjzP2t1c+mj6GYOsFoI2NyJkm8OZ52XI+x9SJCgrrD2ujzjOd5/CQVC46rE22rfGwXLDkA==",
      "dependencies": [
        "@microsoft/recognizers-text",
        "@microsoft/recognizers-text-number",
        "lodash"
      ]
    },
    "@microsoft/recognizers-text-number@1.3.1": {
      "integrity": "sha512-JBxhSdihdQLQilCtqISEBw5kM+CNGTXzy5j5hNoZECNUEvBUPkAGNEJAeQPMP5abrYks29aSklnSvSyLObXaNQ==",
      "dependencies": [
        "@microsoft/recognizers-text",
        "bignumber.js",
        "lodash"
      ]
    },
    "@microsoft/recognizers-text-sequence@1.3.1": {
      "integrity": "sha512-J7Kg35hpm0NcFHmu69Bb4q7DPDiSpCd8ApUZqNm59itIjrQJHpSdl9HF6JxuQQz0Ftc/li5ZLqSuupJAmA/sgg==",
      "dependencies": [
        "@microsoft/recognizers-text",
        "grapheme-splitter"
      ]
    },
    "@microsoft/recognizers-text-suite@1.3.1": {
      "integrity": "sha512-lxaHNYM0t4T9uKucCkDDyFZJR5JLI3Nj9c2eLN3IKaPDu9TkJ77XjeAWaO/9upYOmIg/hW7NkjOWfu9dcWT6dQ==",
      "dependencies": [
        "@microsoft/recognizers-text",
        "@microsoft/recognizers-text-choice",
        "@microsoft/recognizers-text-data-types-timex-expression",
        "@microsoft/recognizers-text-date-time",
        "@microsoft/recognizers-text-number",
        "@microsoft/recognizers-text-number-with-unit",
        "@microsoft/recognizers-text-sequence"
      ]
    },
    "@microsoft/recognizers-text@1.3.1": {
      "integrity": "sha512-HikLoRUgSzM4OKP3JVBzUUp3Q7L4wgI17p/3rERF01HVmopcujY3i6wgx8PenCwbenyTNxjr1AwSDSVuFlYedQ=="
    },
    "@nlpjs/builtin-duckling@5.0.0-alpha.5": {
      "integrity": "sha512-+PJ2+1aeTLV3AXJ/rmm3vwrCuZSUZPtKWyD33qQMpqfL4GvBmuRu6EniM55PRxgSefgHyzfvXs9O95N9L++cAg==",
      "dependencies": [
        "@nlpjs/core"
      ]
    },
    "@nlpjs/builtin-microsoft@5.0.0-alpha.5": {
      "integrity": "sha512-m/plNg7j2v7PaDzXgIk8tCXIjoyUP2lTOImjb/a9/yPZB1V3C2DyU+BjQylVifxI7Yoxhx4WE1O+HlJKDps9+Q==",
      "dependencies": [
        "@microsoft/recognizers-text-suite",
        "@nlpjs/core"
      ]
    },
    "@nlpjs/core-loader@5.0.0-alpha.5": {
      "integrity": "sha512-+p+BWeZuUiu0HU0rn1G+/cfVsBNmuADQn7kh37TYRpi2DEG8clfOLwAZDiJg4rWy4mwlB1ePPiEg1cAPFcwtFw==",
      "dependencies": [
        "@nlpjs/core",
        "@nlpjs/request"
      ]
    },
    "@nlpjs/core@5.0.0-alpha.5": {
      "integrity": "sha512-6KER6Jsy/KLVNor2isRsYV5XjVtYVaYLLqEmQt69Nmw2tIYyzzhzPxZPmOaU++OWfiUaZWGMgNueJHAmK6sApw=="
    },
    "@nlpjs/emoji@5.0.0-alpha.5": {
      "integrity": "sha512-BiqyDAoW6bL3llKqt+col6qCviuLuNPkknTkJS93h15x3ydtl5RamKMyDnNEpw5Xpu7unxeka18D8RcdnCWXBg==",
      "dependencies": [
        "@nlpjs/core"
      ]
    },
    "@nlpjs/evaluator@5.0.0-alpha.5": {
      "integrity": "sha512-xvbGYyEFGaagVqAqZhAaARsdjjHiwyBrXxqchd+TW6dDC5WY2cebKUXRDhVNN06Rf3kg5Yt9RalAK0ChgbNakA==",
      "dependencies": [
        "escodegen",
        "esprima"
      ]
    },
    "@nlpjs/lang-all@5.0.0-alpha.5": {
      "integrity": "sha512-EPW98J3zHvWd1+SZfNSdD7SU+oTejJT0KVUYGXGlgqE5IfIQQHm5JKb8DTwqSUUu/jfypxsJYIRm/nqOhgLaRA==",
      "dependencies": [
        "@nlpjs/core",
        "@nlpjs/lang-ar",
        "@nlpjs/lang-bn",
        "@nlpjs/lang-ca",
        "@nlpjs/lang-cs",
        "@nlpjs/lang-da",
        "@nlpjs/lang-de",
        "@nlpjs/lang-el",
        "@nlpjs/lang-en",
        "@nlpjs/lang-es",
        "@nlpjs/lang-eu",
        "@nlpjs/lang-fa",
        "@nlpjs/lang-fi",
        "@nlpjs/lang-fr",
        "@nlpjs/lang-ga",
        "@nlpjs/lang-gl",
        "@nlpjs/lang-hi",
        "@nlpjs/lang-hu",
        "@nlpjs/lang-hy",
        "@nlpjs/lang-id",
        "@nlpjs/lang-it",
        "@nlpjs/lang-ja",
        "@nlpjs/lang-ko",
        "@nlpjs/lang-lt",
        "@nlpjs/lang-ms",
        "@nlpjs/lang-ne",
        "@nlpjs/lang-nl",
        "@nlpjs/lang-no",
        "@nlpjs/lang-pl",
        "@nlpjs/lang-pt",
        "@nlpjs/lang-ro",
        "@nlpjs/lang-ru",
        "@nlpjs/lang-sl",
        "@nlpjs/lang-sr",
        "@nlpjs/lang-sv",
        "@nlpjs/lang-ta",
        "@nlpjs/lang-th",
        "@nlpjs/lang-tl",
        "@nlpjs/lang-tr",
        "@nlpjs/lang-uk",
        "@nlpjs/lang-zh",
        "@nlpjs/language"
      ]
    },
    "@nlpjs/lang-ar@5.0.0-alpha.5": {
      "integrity": "sha512-gSl8haBY76mOO59/G2xe7uaNNFSUrUS33XpGpiJaIH6xSssYQxThzzzLBT09aQq0d4Wx0bw58u5q+LPmuUKK7A==",
      "dependencies": [
        "@nlpjs/core"
      ]
    },
    "@nlpjs/lang-bn@5.0.0-alpha.5": {
      "integrity": "sha512-D7H8HhzLsDH/kywZbOUuD6nxZDj10tlyblK2socs1OuEfMZ5alYHX+cCJInUYfK1CLmuP+I7ctQZDJePrQCIEg==",
      "dependencies": [
        "@nlpjs/core"
      ]
    },
    "@nlpjs/lang-ca@5.0.0-alpha.5": {
      "integrity": "sha512-+SGLjBuYSJ1L/Cy5urp5pWYbYjulMyknO93d9jMIXqH4IgC2MYuRTEPC+YnTj47TfkdclMnIyY0jDE19fBWAHQ==",
      "dependencies": [
        "@nlpjs/core"
      ]
    },
    "@nlpjs/lang-cs@5.0.0-alpha.5": {
      "integrity": "sha512-J6yyNFhvB978BNGspPZaz7pIn7LNSCVG9fCGjNoHxvV7KJO2bLvmunIZv8o+IA8E/iDjW8xsB/HKNfqnGLf/qA==",
      "dependencies": [
        "@nlpjs/core"
      ]
    },
    "@nlpjs/lang-da@5.0.0-alpha.5": {
      "integrity": "sha512-xR9VgsZpkL/MSxgkIOQTp3qBJtFD6Nwa07bpL4t/pjqY7KoYG3Cge9fAMbUH1b0/H3DoHPFTq7sWqkGFjIf92g==",
      "dependencies": [
        "@nlpjs/core"
      ]
    },
    "@nlpjs/lang-de@5.0.0-alpha.5": {
      "integrity": "sha512-BpLMOH1mZ5h/T98MSuT8eO4uydLNxjuYFmqXugPheHB/xYalrYdrqn7CzGX2wqblPSwMur0Mqn3Mx1M70gmXMw==",
      "dependencies": [
        "@nlpjs/core"
      ]
    },
    "@nlpjs/lang-el@5.0.0-alpha.5": {
      "integrity": "sha512-Y5nXT0B9iMm7mxKxWdJ6ZFdpuqGBzrAmHSwhuNWGH1T7BP0fh7phdYDCRwl8GwVNwDBP+j1Enk997Hk4rmj48A==",
      "dependencies": [
        "@nlpjs/core"
      ]
    },
    "@nlpjs/lang-en-min@5.0.0-alpha.5": {
      "integrity": "sha512-a3k8VrJ6jOp9XSoz25kJR1N/kMaGjzb/B7dS1S5bqCvGY9sm+Xr4C9PCTZwEP4WgD2QZLCLEauiiKXM59zxwDQ==",
      "dependencies": [
        "@nlpjs/core"
      ]
    },
    "@nlpjs/lang-en@5.0.0-alpha.5": {
      "integrity": "sha512-wQJqfsl4vNKNkgG5IX8pWvgtmBIX81vAjOBrvbipnqy9f63PzjHo1w2IPBaAKRWMgRfzbH23IeIfizEjTweP2w==",
      "dependencies": [
        "@nlpjs/core",
        "@nlpjs/lang-en-min"
      ]
    },
    "@nlpjs/lang-es@5.0.0-alpha.5": {
      "integrity": "sha512-w5y5w5MwVGkfSLJoGkBkR3W/k+aEQLFs9Rwi5u/h0phCSS1I4jxA01cNKEOKRZG63ypfJFsINbOf8UVd4hEWlA==",
      "dependencies": [
        "@nlpjs/core"
      ]
    },
    "@nlpjs/lang-eu@5.0.0-alpha.5": {
      "integrity": "sha512-DbGGlrhMSmZdh74G8f4gVEnX3TgJztIkGHtmXsBvAYzr3BIThKK8X8PGgHz9CPHqyLx2h6RS2kL37mFSgt8K0A==",
      "dependencies": [
        "@nlpjs/core"
      ]
    },
    "@nlpjs/lang-fa@5.0.0-alpha.5": {
      "integrity": "sha512-nyk0YIKs7hH+uaRUcD+egNd8tsGEZ8ecUgVtG7uK6rOlHnpm1nPlAuvvN5AnjwpMb8Vixg7c5Zw455dZzhLN2g==",
      "dependencies": [
        "@nlpjs/core"
      ]
    },
    "@nlpjs/lang-fi@5.0.0-alpha.5": {
      "integrity": "sha512-eiNRlRy+MaPSZaihTi2F5oCscCQtYs7h1Q0czmzYXQDyG/5gmrQ057gpg32KLkN5pd1ld3g/QWkfCeECvY/R4w==",
      "dependencies": [
        "@nlpjs/core"
      ]
    },
    "@nlpjs/lang-fr@5.0.0-alpha.5": {
      "integrity": "sha512-ZTXFeCCNr527v5Mjfkbi5+MZx2jedSgVQ/E7pZb60lQlDekHljcH+Rc04jgbIxiGT0pDBc2l8nomN4lxfOn30Q==",
      "dependencies": [
        "@nlpjs/core"
      ]
    },
    "@nlpjs/lang-ga@5.0.0-alpha.5": {
      "integrity": "sha512-kIfO52yv46fbkCLa30/E9qUlvV1dqprOLsJvd85s31pqrJaXORgS+CCNQ+DiXqK3fZ1j483jbkss1nTaU6+vdA==",
      "dependencies": [
        "@nlpjs/core"
      ]
    },
    "@nlpjs/lang-gl@5.0.0-alpha.5": {
      "integrity": "sha512-U7pJSVG3GgbFy+tadSps/Uh+76ZEAB2NhvxRdE5KzgzZxDiqPyAY2/icoOwULwyEVRPu0NqR85KZHPrP0hGEVA==",
      "dependencies": [
        "@nlpjs/core"
      ]
    },
    "@nlpjs/lang-hi@5.0.0-alpha.5": {
      "integrity": "sha512-XdDSDIKaa4lqRVCPn0GCKUIWVtIGhSlABuEBG0iGQeDgRWDorACUNZThUACTIBaSgfrjM1cDDMXCgWFsvpSy/w==",
      "dependencies": [
        "@nlpjs/core"
      ]
    },
    "@nlpjs/lang-hu@5.0.0-alpha.5": {
      "integrity": "sha512-PMNpIel+XCi1K4qHqbDJ/elQIaAfcTc5QDwOgzIRU1GP9P5+gV5NKPCKwC7V/tEaAtOCBfMXLWk+8g5c3uke2A==",
      "dependencies": [
        "@nlpjs/core"
      ]
    },
    "@nlpjs/lang-hy@5.0.0-alpha.5": {
      "integrity": "sha512-bIodq1itoyc/wEg7+hV2haFoogi4dG4/ip8OMDrqrtXGjWXwRdyQH5H1Edw6J+nM1m+OpaGrz4KvNBrCSMZcOg==",
      "dependencies": [
        "@nlpjs/core"
      ]
    },
    "@nlpjs/lang-id@5.0.0-alpha.5": {
      "integrity": "sha512-/zNxlkr23h6mMyW3c2QzZZzyjYZi1PFFzQUB/X5Doiu/bEKFZtWm2vp1cToGFqOhvZROrMrYdI4qSglZhYLezw==",
      "dependencies": [
        "@nlpjs/core"
      ]
    },
    "@nlpjs/lang-it@5.0.0-alpha.5": {
      "integrity": "sha512-wY0mHAaL405fPbMxuG0fiu5oLjlQT4aTmqIEPxqmKKOssReoySik+823LdApc1lw6SFnM0eI5cefPkWtt61pOQ==",
      "dependencies": [
        "@nlpjs/core"
      ]
    },
    "@nlpjs/lang-ja@5.0.0-alpha.5": {
      "integrity": "sha512-baDypycPy8oFeu9v6AVv4lCPjh3Kmk917y5E4NXC8VzVvtH58OWOq2Z0jG99NNTPTu1V9om+dRynyC1uV4cvFg==",
      "dependencies": [
        "@nlpjs/core",
        "kuromoji"
      ]
    },
    "@nlpjs/lang-ko@5.0.0-alpha.5": {
      "integrity": "sha512-razQK/LxcKmXUR1fNd66MPtSxnBuRIyQfITuojzFZQqkfcOkUsR30VM+WprktwOpWtOBr4xrhc1Kefpez+IBgg==",
      "dependencies": [
        "@nlpjs/core"
      ]
    },
    "@nlpjs/lang-lt@5.0.0-alpha.5": {
      "integrity": "sha512-mgfMQT6RBXVQGNmoC0zHLwwWBjSN8pYJGEpZ5PUpKhgu4txaq1UmOUctZO78fJ9SQW/1JToLnB+inyzeQG0vow==",
      "dependencies": [
        "@nlpjs/core"
      ]
    },
    "@nlpjs/lang-ms@5.0.0-alpha.5": {
      "integrity": "sha512-vFRX07MP4MHLlGIqmviThUpZhXbdEEMEg4u1646aj5vGN3In4jfW/pcUERUTH3iscu8B0CIC5HroMF0iiLD1sQ==",
      "dependencies": [
        "@nlpjs/core",
        "@nlpjs/lang-id"
      ]
    },
    "@nlpjs/lang-ne@5.0.0-alpha.5": {
      "integrity": "sha512-uFbM9xvGX1uM5egdEx9/FsLRL5CVzdVFTmesz+v5PjFVwQSyDKwALNDtbmI3wT9sZXCvu92O5NfGnWHelDjv8A==",
      "dependencies": [
        "@nlpjs/core"
      ]
    },
    "@nlpjs/lang-nl@5.0.0-alpha.5": {
      "integrity": "sha512-UfEVLj9+PIripMjCMAbA7jxA+DVA7J0aSOc4qjl5SFxsSu3HQW5dEsQyEXa5xxxn1O3qsD6erkrGV85QpmsaKA==",
      "dependencies": [
        "@nlpjs/core"
      ]
    },
    "@nlpjs/lang-no@5.0.0-alpha.5": {
      "integrity": "sha512-SdOZq64G0hyPAJBu0ZMTneLBE0qZE4gvHGavUnaWyW96Y51b3p+n+Q/HUpPHn4pjC+T1SO4y38x8h+58mMAM9w==",
      "dependencies": [
        "@nlpjs/core"
      ]
    },
    "@nlpjs/lang-pl@5.0.0-alpha.5": {
      "integrity": "sha512-APq4pof2aFaVjZXT2EuFWBuy9mbSgyYwFXG+P663qzCAmgbP2gQlH1zCQLEUdNh7fgjuepMAVOxVe5E0DkVeOg==",
      "dependencies": [
        "@nlpjs/core"
      ]
    },
    "@nlpjs/lang-pt@5.0.0-alpha.5": {
      "integrity": "sha512-xphoSPASdXI7gf0DZQvMVB0FgMBToxF6XVv1YRDtGZYAW/dTB9j5qmvv13aPhglTNFlzBwqYHtoCbT5rODtaDw==",
      "dependencies": [
        "@nlpjs/core"
      ]
    },
    "@nlpjs/lang-ro@5.0.0-alpha.5": {
      "integrity": "sha512-vi329JvE+CE8w+N27EZ67MJnOQW/yvXWHUXSfgzpR++XN412sLDbkXydg+KwvPQTSH5Ym72hPImNUo7vG0FObQ==",
      "dependencies": [
        "@nlpjs/core"
      ]
    },
    "@nlpjs/lang-ru@5.0.0-alpha.5": {
      "integrity": "sha512-YVaO8pWAYazcd/WE9ljnQ164tmdcyUB3HVgYRHWmSsXOwcgr2ZQuY0DUFy4KrIPQlDVxxDAHPSLAD71Yu4m1CQ==",
      "dependencies": [
        "@nlpjs/core"
      ]
    },
    "@nlpjs/lang-sl@5.0.0-alpha.5": {
      "integrity": "sha512-S8G/n8zKAzjk6Dy4Rqw6HDyDMx9AXm2rVJH7vtEj4qrC83kipWwXnAQRdEDitv26FvHAOsZFWTBU/L3p2xCx7w==",
      "dependencies": [
        "@nlpjs/core"
      ]
    },
    "@nlpjs/lang-sr@5.0.0-alpha.5": {
      "integrity": "sha512-DrzFhv7Zj7AwF3jVAjoWxom0JJ6vDyE5SZ/kO7hOO4N0T2mr2Xf+AdeECE799HkVVn89w6dMTMUc8aHH9lUqRQ==",
      "dependencies": [
        "@nlpjs/core"
      ]
    },
    "@nlpjs/lang-sv@5.0.0-alpha.5": {
      "integrity": "sha512-a6JDjClB9yyYYDoBUXQBZaKL8h/NyKvRVhqHt5dKiWBssyG2xZm73oZR/qhxRpqfImz0NRhuBJuvCM3kS0atfg==",
      "dependencies": [
        "@nlpjs/core"
      ]
    },
    "@nlpjs/lang-ta@5.0.0-alpha.5": {
      "integrity": "sha512-KQQIMBaY83bU1gtBkPD5YlambppLhE8VBx5P+WXQYBo3zzoCVyADVdS8O9MsEMNKTWEIyDnVCBIyB/xsVCW63g==",
      "dependencies": [
        "@nlpjs/core"
      ]
    },
    "@nlpjs/lang-th@5.0.0-alpha.5": {
      "integrity": "sha512-pujVm7/YePJ9uwGBJE+22KsarmwcLQ39TkUmsPTFDaoFdePb7MSCdmXDMKB2KL2dS9IkTWk1FIUACczeib1riA==",
      "dependencies": [
        "@nlpjs/core"
      ]
    },
    "@nlpjs/lang-tl@5.0.0-alpha.5": {
      "integrity": "sha512-TyjLJTTpCS8+k3z/Eo0OdijwlrP7y6z+I4PmoclIniTxOoSvwfjkRtxrxqXRVGvvScU48to5b6GGmgCsMrDTbw==",
      "dependencies": [
        "@nlpjs/core"
      ]
    },
    "@nlpjs/lang-tr@5.0.0-alpha.5": {
      "integrity": "sha512-w8uWWN5O/jdF0VUdR/p5Un5p0st+zVZWCpE89Jm4lFTD5kOghFZlPTzbA460xRFXijIn9O3XencrCPL18PQ08g==",
      "dependencies": [
        "@nlpjs/core"
      ]
    },
    "@nlpjs/lang-uk@5.0.0-alpha.5": {
      "integrity": "sha512-xZq1/sl74DrQS4ktrUyupIM85sMSquPzxZg6dNz2Qu3BVJwsImaZ3Tibe/6wABtF+TZ/HYt6I8wCtNBFvkYlPw==",
      "dependencies": [
        "@nlpjs/core"
      ]
    },
    "@nlpjs/lang-zh@5.0.0-alpha.5": {
      "integrity": "sha512-iBOJlsKmruEod1vbxPtdC7ct62maWg6zy0KGympA41czYseyT6Gj0FoYEOp6wZQ50dA8Nj7dZtGx5bILEDhTTw==",
      "dependencies": [
        "@nlpjs/core"
      ]
    },
    "@nlpjs/language-min@5.0.0-alpha.5": {
      "integrity": "sha512-O4tnPFqiSxK2Ukv0WD+NhviaBSjW8xq2GJFzQo3dKEief0JJQVK0McYzkahgyInhy0J/q4z9KGFzGs5VEVgwfA=="
    },
    "@nlpjs/language@5.0.0-alpha.5": {
      "integrity": "sha512-Mir84pNMfVoJJ0vRZgHALZcMcdzj3N5Cuvyttodki5npyYw9ks1j+4mAqFl1Iv1cXKRomkjv1Rm5ZZDEK+RWig=="
    },
    "@nlpjs/ner@5.0.0-alpha.5": {
      "integrity": "sha512-abtdWNXqEmWmRwRFCLnv72g2wMgcmWcEes6kL895GmevS/NseOE8j87ufTwPuk77Fgcga/z794eQaFU7Wn2HTA==",
      "dependencies": [
        "@nlpjs/core",
        "@nlpjs/language-min",
        "@nlpjs/similarity"
      ]
    },
    "@nlpjs/neural@5.0.0-alpha.5": {
      "integrity": "sha512-QayWLhzfGardmIwJXEK7ojb6O2GCwJl5CQhwy8VI/zZtCvZ/l7ABKI0/tU0qhbPXWPg3v0PR3k5yLSBcX4XSPg=="
    },
    "@nlpjs/nlg@5.0.0-alpha.5": {
      "integrity": "sha512-+gaNb1dcqzocR3CNdnvk+Tt5eAnWXCrnWmW99i6KB8FaKSMi8pzPmR1fZwCGVqhqlSRWAGLSRpEMpZ2qQuKjDQ==",
      "dependencies": [
        "@nlpjs/core"
      ]
    },
    "@nlpjs/nlp@5.0.0-alpha.5": {
      "integrity": "sha512-K/MfazhTOWNjdn9Xy2PydYtziPHN5ZHFBfOKa5acWt26fdGiORBDL7ee2UqfM+Y1poZ9qaqbDHRi0O/R6YwpkA==",
      "dependencies": [
        "@nlpjs/core",
        "@nlpjs/ner",
        "@nlpjs/nlg",
        "@nlpjs/nlu",
        "@nlpjs/sentiment",
        "@nlpjs/slot"
      ]
    },
    "@nlpjs/nlu@5.0.0-alpha.5": {
      "integrity": "sha512-3DwDgGlpusuFXa3+8YFzm8BAzFT49PzRolUJDDOoMMhrF5s+J21XmtWPssFZjNfHjuqjssQRx4k+sJ9/QGfzXQ==",
      "dependencies": [
        "@nlpjs/core",
        "@nlpjs/language-min",
        "@nlpjs/neural",
        "@nlpjs/similarity"
      ]
    },
    "@nlpjs/request@5.0.0-alpha.5": {
      "integrity": "sha512-AGoOVMcujEYCee+3QhwpZftNoZJcq+r1oPdqelT/rVeHsYbDeki3Bse0YfboLUr+8Hs4aw6FKNTLqh2u0gXe1Q==",
      "dependencies": [
        "http-proxy-agent",
        "https-proxy-agent"
      ]
    },
    "@nlpjs/sentiment@5.0.0-alpha.5": {
      "integrity": "sha512-yNk3lnZ7g1MFCnrm9TcZnFL1sK4IsBkBXzyw7gygG8lTlNZgPsumODo449fqWc1SHN2sz1K/dmSslBb6Iq2IcA==",
      "dependencies": [
        "@nlpjs/core",
        "@nlpjs/language-min",
        "@nlpjs/neural"
      ]
    },
    "@nlpjs/similarity@5.0.0-alpha.5": {
      "integrity": "sha512-xgEjMXnwieZTXV/cRHnsFL72s6EvFxohOU2jWhXMgtaiV6bpglnJJTzvtFl8ZeLCzqfZqY3pfGmsvtWaR3vujw=="
    },
    "@nlpjs/slot@5.0.0-alpha.5": {
      "integrity": "sha512-weia63mK3NXpUlkzVYx9fmv+SiAtVNrX8KC3wOqZtJl+Krg/Feo+xdmKPDT/VDtjz+v+je/4Xj85oAfPbHXepA=="
    },
    "@nlpjs/xtables@5.0.0-alpha.5": {
      "integrity": "sha512-VqdFTd7V/D6f63L2nUOGg4zXeJvvi8OaAviyITE+vIBkp4jYuRY5vXqsPqmt4ekVOh4e9eLG+SSlhmkUHG8pXQ==",
      "dependencies": [
        "xlsx"
      ]
    },
    "@tootallnate/once@2.0.0": {
      "integrity": "sha512-XCuKFP5PS55gnMVu3dty8KPatLqUoy/ZYzDzAGCQ8JNFCkLXzmI7vNHCR+XpbZaMWQK/vQubr7PkYq8g470J/A=="
    },
    "adler-32@1.3.1": {
      "integrity": "sha512-ynZ4w/nUUv5rrsR8UUGoe1VC9hZj6V5hU9Qw1HlMDJGEJw5S7TfTErWTjMys6M7vr0YWcPqs3qAr4ss0nDfP+A=="
    },
    "agent-base@6.0.2": {
      "integrity": "sha512-RZNwNclF7+MS/8bDg70amg32dyeZGZxiDuQmZxKLAlQjr3jGyLx+4Kkk58UO7D2QdgFIQCovuSuZESne6RG6XQ==",
      "dependencies": [
        "debug"
      ]
    },
    "async@2.6.4": {
      "integrity": "sha512-mzo5dfJYwAn29PeiJ0zvwTo04zj8HDJj0Mn8TD7sno7q12prdbnasKJHhkm2c1LgrhlJ0teaea8860oxi51mGA==",
      "dependencies": [
        "lodash"
      ]
    },
    "bignumber.js@7.2.1": {
      "integrity": "sha512-S4XzBk5sMB+Rcb/LNcpzXr57VRTxgAvaAEDAl1AwRx27j00hT84O6OkteE7u8UB3NuaaygCRrEpqox4uDOrbdQ=="
    },
    "cfb@1.2.2": {
      "integrity": "sha512-KfdUZsSOw19/ObEWasvBP/Ac4reZvAGauZhs6S/gqNhXhI7cKwvlH7ulj+dOEYnca4bm4SGo8C1bTAQvnTjgQA==",
      "dependencies": [
        "adler-32",
        "crc-32"
      ]
    },
    "codepage@1.15.0": {
      "integrity": "sha512-3g6NUTPd/YtuuGrhMnOMRjFc+LJw/bnMp3+0r/Wcz3IXUuCosKRJvMphm5+Q+bvTVGcJJuRvVLuYba+WojaFaA=="
    },
    "crc-32@1.2.2": {
      "integrity": "sha512-ROmzCKrTnOwybPcJApAA6WBWij23HVfGVNKqqrZpuyZOHqK2CwHSvpGuyt/UNNvaIjEd8X5IFGp4Mh+Ie1IHJQ==",
      "bin": true
    },
    "debug@4.4.1": {
      "integrity": "sha512-KcKCqiftBJcZr++7ykoDIEwSa3XWowTfNPo92BYxjXiyYEVrUQh2aLyhxBCwww+heortUFxEJYcRzosstTEBYQ==",
      "dependencies": [
        "ms"
      ]
    },
    "doublearray@0.0.2": {
      "integrity": "sha512-aw55FtZzT6AmiamEj2kvmR6BuFqvYgKZUkfQ7teqVRNqD5UE0rw8IeW/3gieHNKQ5sPuDKlljWEn4bzv5+1bHw=="
    },
    "escodegen@2.1.0": {
      "integrity": "sha512-2NlIDTwUWJN0mRPQOdtQBzbUHvdGY2P1VXSyU83Q3xKxM7WHX2Ql8dKq782Q9TgQUNOLEzEYu9bzLNj1q88I5w==",
      "dependencies": [
        "esprima",
        "estraverse",
        "esutils"
      ],
      "optionalDependencies": [
        "source-map"
      ],
      "bin": true
    },
    "esprima@4.0.1": {
      "integrity": "sha512-eGuFFw7Upda+g4p+QHvnW0RyTX/SVeJBDM/gCtMARO0cLuT2HcEKnTPvhjV6aGeqrCB/sbNop0Kszm0jsaWU4A==",
      "bin": true
    },
    "estraverse@5.3.0": {
      "integrity": "sha512-MMdARuVEQziNTeJD8DgMqmhwR11BRQ/cBP+pLtYdSTnf3MIO8fFeiINEbX36ZdNlfU/7A9f3gUw49B3oQsvwBA=="
    },
    "esutils@2.0.3": {
      "integrity": "sha512-kVscqXk4OCp68SZ0dkgEKVi6/8ij300KBWTJq32P/dYeWTSwK41WyTxalN1eRmA5Z9UU/LX9D7FWSmV9SAYx6g=="
    },
    "eventemitter3@5.0.1": {
      "integrity": "sha512-GWkBvjiSZK87ELrYOSESUYeVIc9mvLLf/nXalMOS5dYrgZq9o5OVkbZAVM06CVxYsCwH9BDZFPlQTlPA1j4ahA=="
    },
    "frac@1.1.2": {
      "integrity": "sha512-w/XBfkibaTl3YDqASwfDUqkna4Z2p9cFSr1aHDt0WoMTECnRfBOv2WArlZILlqgWlmdIlALXGpM2AOhEk5W3IA=="
    },
    "grapheme-splitter@1.0.4": {
      "integrity": "sha512-bzh50DW9kTPM00T8y4o8vQg89Di9oLJVLW/KaOGIXJWP/iqCN6WKYkbNOF04vFLJhwcpYUh9ydh/+5vpOqV4YQ=="
    },
    "http-proxy-agent@5.0.0": {
      "integrity": "sha512-n2hY8YdoRE1i7r6M0w9DIw5GgZN0G25P8zLCRQ8rjXtTU3vsNFBI/vWK/UIeE6g5MUUz6avwAPXmL6Fy9D/90w==",
      "dependencies": [
        "@tootallnate/once",
        "agent-base",
        "debug"
      ]
    },
    "https-proxy-agent@5.0.1": {
      "integrity": "sha512-dFcAjpTQFgoLMzC2VwU+C/CbS7uRL0lWmxDITmqm7C+7F0Odmj6s9l6alZc6AELXhrnggM2CeWSXHGOdX2YtwA==",
      "dependencies": [
        "agent-base",
        "debug"
      ]
    },
    "kuromoji@0.1.2": {
      "integrity": "sha512-V0dUf+C2LpcPEXhoHLMAop/bOht16Dyr+mDiIE39yX3vqau7p80De/koFqpiTcL1zzdZlc3xuHZ8u5gjYRfFaQ==",
      "dependencies": [
        "async",
        "doublearray",
        "zlibjs"
      ]
    },
    "lodash@4.17.21": {
      "integrity": "sha512-v2kDEe57lecTulaDIuNTPy3Ry4gLGJ6Z1O3vE1krgXZNrsQ+LFTGHVxVjcXPs17LhbZVGedAJv8XZ1tvj5FvSg=="
    },
    "ms@2.1.3": {
      "integrity": "sha512-6FlzubTLZG3J2a/NVCAleEhjzq5oxgHyaCU9yYXvcLsvoVaHJq/s5xXI6/XXP6tz7R9xAOtHnSO/tXtF3WRTlA=="
    },
    "node-nlp@5.0.0-alpha.5": {
      "integrity": "sha512-YgpIpTd+Kdsl8GejbYd/j9QJJxI1/exe/71FkwMpFwdRHUBrSbe2CW+MT0kQslaUhprK23l8l9DUsLWyDLz+pg==",
      "dependencies": [
        "@nlpjs/builtin-duckling",
        "@nlpjs/builtin-microsoft",
        "@nlpjs/core-loader",
        "@nlpjs/emoji",
        "@nlpjs/evaluator",
        "@nlpjs/lang-all",
        "@nlpjs/language",
        "@nlpjs/neural",
        "@nlpjs/nlg",
        "@nlpjs/nlp",
        "@nlpjs/nlu",
        "@nlpjs/request",
        "@nlpjs/sentiment",
        "@nlpjs/similarity",
        "@nlpjs/xtables"
      ]
    },
    "p-queue@8.1.0": {
      "integrity": "sha512-mxLDbbGIBEXTJL0zEx8JIylaj3xQ7Z/7eEVjcF9fJX4DBiH9oqe+oahYnlKKxm0Ci9TlWTyhSHgygxMxjIB2jw==",
      "dependencies": [
        "eventemitter3",
        "p-timeout"
      ]
    },
    "p-timeout@6.1.4": {
      "integrity": "sha512-MyIV3ZA/PmyBN/ud8vV9XzwTrNtR4jFrObymZYnZqMmW0zA8Z17vnT0rBgFE/TlohB+YCHqXMgZzb3Csp49vqg=="
    },
    "source-map@0.6.1": {
      "integrity": "sha512-UjgapumWlbMhkBgzT7Ykc5YXUT46F0iKu8SGXq0bcwP5dz/h0Plj6enJqjz1Zbq2l5WaqYnrVbwWOWMyF3F47g=="
    },
    "ssf@0.11.2": {
      "integrity": "sha512-+idbmIXoYET47hH+d7dfm2epdOMUDjqcB4648sTZ+t2JwoyBFL/insLfB/racrDmsKB3diwsDA696pZMieAC5g==",
      "dependencies": [
        "frac"
      ]
    },
    "wmf@1.0.2": {
      "integrity": "sha512-/p9K7bEh0Dj6WbXg4JG0xvLQmIadrner1bi45VMJTfnbVHsc7yIajZyoSoK60/dtVBs12Fm6WkUI5/3WAVsNMw=="
    },
    "word@0.3.0": {
      "integrity": "sha512-OELeY0Q61OXpdUfTp+oweA/vtLVg5VDOXh+3he3PNzLGG/y0oylSOC1xRVj0+l4vQ3tj/bB1HVHv1ocXkQceFA=="
    },
    "xlsx@0.18.5": {
      "integrity": "sha512-dmg3LCjBPHZnQp5/F/+nnTa+miPJxUXB6vtk42YjBBKayDNagxGEeIdWApkYPOf3Z3pm3k62Knjzp7lMeTEtFQ==",
      "dependencies": [
        "adler-32",
        "cfb",
        "codepage",
        "crc-32",
        "ssf",
        "wmf",
        "word"
      ],
      "bin": true
    },
    "zlibjs@0.3.1": {
      "integrity": "sha512-+J9RrgTKOmlxFSDHo0pI1xM6BLVUv+o0ZT9ANtCxGkjIVCCUdx9alUF8Gm+dGLKbkkkidWIHFDZHDMpfITt4+w=="
    }
  },
  "remote": {
    "https://deno.land/x/p_queue@1.0.1/deps.ts": "fd7b6b504a2010348d9b8530f9f79a771cc02af5c6ae6f29a1a4bd4474f11f71",
    "https://deno.land/x/p_queue@1.0.1/lower-bound.ts": "f1d7306ad51ea38e94c88d831cee43e04693df1f1483f0970ee9155b17508d2e",
    "https://deno.land/x/p_queue@1.0.1/mod.ts": "8737c55988851ce116e12e63ef1c268a26c1569ddb5d3dc41fef29e9f69ae684",
    "https://deno.land/x/p_queue@1.0.1/options.ts": "531c78d6d5f391b5d6d35c63810bab42df4f6c303be715fd43366347a747c07b",
    "https://deno.land/x/p_queue@1.0.1/priority-queue.ts": "c3aa976807703914b6f7cf6d1f8668c9f9398957089ff2998cec5d95995cff21",
    "https://deno.land/x/p_queue@1.0.1/queue.ts": "9e83295e37ef08cc13833891b064b865ad4ba559c3c7db372635eac70f8cc93c",
    "https://deno.land/x/p_timeout@1.0.1/mod.ts": "1a55ad8ab0c22383f8766639babe3adc6d87348576700c5779531456f0428111",
    "https://deno.land/x/zipjs@v2.7.34/index.js": "7c71926e0c9618e48a22d9dce701131704fd3148a1d2eefd5dba1d786c846a5f",
    "https://deno.land/x/zipjs@v2.7.34/lib/core/codec-pool.js": "bcadc41dd82392e586f8ce04791b3be92eab039fb6e09f08c86bb1b1c0419c82",
    "https://deno.land/x/zipjs@v2.7.34/lib/core/codec-worker.js": "6f93d88697747ab0391dd455b6a77a93425ac240b73094a27c61e232955d293d",
    "https://deno.land/x/zipjs@v2.7.34/lib/core/configuration.js": "baa316a63df2f8239f9d52cd4863eaedaddd34ad887b7513588da75d19e84932",
    "https://deno.land/x/zipjs@v2.7.34/lib/core/constants.js": "14fe1468b87cd0fe20c6f1fec916485f875d8592beba94c9241af4cbd12dd88f",
    "https://deno.land/x/zipjs@v2.7.34/lib/core/io.js": "32e2676531906e301dd4cfacfcefb07e5198b7acfc46f3c9ef8b9802b335fa0f",
    "https://deno.land/x/zipjs@v2.7.34/lib/core/streams/aes-crypto-stream.js": "8bc4f1490b64d8eb5850c88574ada77933c07b5052354804f19d729b8f4dd2e4",
    "https://deno.land/x/zipjs@v2.7.34/lib/core/streams/codec-stream.js": "1c0d9de91141bf89f49dc1e239dd22d75a3e46d38dd153aca1a6d48c231d4d85",
    "https://deno.land/x/zipjs@v2.7.34/lib/core/streams/codecs/crc32.js": "dfdde666f72b4a5ffc8cf5b1451e0db578ce4bd90de20df2cff5bfd47758cb23",
    "https://deno.land/x/zipjs@v2.7.34/lib/core/streams/codecs/deflate.js": "08c1b24d1845528f6db296570d690ecbe23c6c01c6cb26b561e601e770281c3a",
    "https://deno.land/x/zipjs@v2.7.34/lib/core/streams/codecs/inflate.js": "55d00eed332cf2c4f61e2ee23133e3257768d0608572ee3f9641a2921c3a6f67",
    "https://deno.land/x/zipjs@v2.7.34/lib/core/streams/codecs/sjcl.js": "462289c5312f01bba8a757a7a0f3d8f349f471183cb4c49fb73d58bba18a5428",
    "https://deno.land/x/zipjs@v2.7.34/lib/core/streams/common-crypto.js": "e3c28d03f3c2809d5bf69f31d01449679eb94cb76648e370145986313052436a",
    "https://deno.land/x/zipjs@v2.7.34/lib/core/streams/crc32-stream.js": "10e26bd18df0e1e89d61a62827a1a1c19f4e541636dd0eccbd85af3afabce289",
    "https://deno.land/x/zipjs@v2.7.34/lib/core/streams/stream-adapter.js": "9e7f3fe1601cc447943cd37b5adb6d74c6e9c404d002e707e8eace7bc048929c",
    "https://deno.land/x/zipjs@v2.7.34/lib/core/streams/zip-crypto-stream.js": "19305af1e8296e7fa6763f3391d0b8149a1e09c659e1d1ff32a484448b18243c",
    "https://deno.land/x/zipjs@v2.7.34/lib/core/streams/zip-entry-stream.js": "5434921e9901b460ece7d669337ce71bfc013db682a638e0a40caa1d8e2e479e",
    "https://deno.land/x/zipjs@v2.7.34/lib/core/util/cp437-decode.js": "d665ded184037ffe5d255be8f379f90416053e3d0d84fac95b28f4aeaab3d336",
    "https://deno.land/x/zipjs@v2.7.34/lib/core/util/decode-text.js": "c04a098fa7c16470c48b6abd4eb4ac48af53547de65e7c8f39b78ae62330ad57",
    "https://deno.land/x/zipjs@v2.7.34/lib/core/util/default-mime-type.js": "177ae00e1956d3d00cdefc40eb158cb591d3d24ede452c056d30f98d73d9cd73",
    "https://deno.land/x/zipjs@v2.7.34/lib/core/util/encode-text.js": "47f2b26231d379e3d024db0a59bc713c76392fff7bf3120dae1a48453d47f8d3",
    "https://deno.land/x/zipjs@v2.7.34/lib/core/util/mime-type.js": "6c6dfa4daf98ef59cd65118073b74f327ceab2ef28140e38934b0d15eb2b5c29",
    "https://deno.land/x/zipjs@v2.7.34/lib/core/util/stream-codec-shim.js": "22ca28de10b002d576667c30360a63a41601ab1b6a5dd12c7b91aac8f7b1781b",
    "https://deno.land/x/zipjs@v2.7.34/lib/core/zip-entry.js": "d30a535cd1e75ef98094cd04120f178c103cdc4055d23ff747ffc6a154da8d2d",
    "https://deno.land/x/zipjs@v2.7.34/lib/core/zip-fs-core.js": "d69e2299a29d968c9ddd37d98720767b0b247582d6654e90bf2028150fb3a85b",
    "https://deno.land/x/zipjs@v2.7.34/lib/core/zip-reader.js": "f613a28a6ba203e97c0d126726bd6a1e3904845581dab261b475bc34d450e0e7",
    "https://deno.land/x/zipjs@v2.7.34/lib/core/zip-writer.js": "2f607aef12964be4da2c7b672335fc3208ed3d53af9d4770fa76d65d95f6b7fb",
    "https://deno.land/x/zipjs@v2.7.34/lib/z-worker-inline.js": "644336397d472ddd88c737715708e4b7c55c471a1490d98c0ac638228b428dfc",
    "https://deno.land/x/zipjs@v2.7.34/lib/zip-fs.js": "a733360302f5fbec9cc01543cb9fcfe7bae3f35a50d0006626ce42fe8183b63f"
  },
  "workspace": {
    "dependencies": [
      "jsr:@b-fuze/deno-dom@*",
      "jsr:@std/assert@1",
      "jsr:@std/cli@1",
      "jsr:@std/fs@1",
      "jsr:@std/path@1",
      "npm:p-queue@^8.1.0"
    ]
  }
}
