{
  "version": "5",
  "specifiers": {
    "jsr:@b-fuze/deno-dom@*": "0.1.56",
    "jsr:@denosaurs/plug@1.1.0": "1.1.0",
    "jsr:@std/assert@1": "1.0.13",
    "jsr:@std/cli@1": "1.0.21",
    "jsr:@std/encoding@1": "1.0.10",
    "jsr:@std/fmt@1": "1.0.8",
    "jsr:@std/fs@1": "1.0.19",
    "jsr:@std/internal@^1.0.6": "1.0.10",
    "jsr:@std/internal@^1.0.9": "1.0.10",
    "jsr:@std/path@1": "1.1.1",
    "jsr:@std/path@^1.1.1": "1.1.1",
    "npm:p-queue@*": "8.1.0",
    "npm:p-queue@8.1.0": "8.1.0",
    "npm:p-queue@^8.1.0": "8.1.0"
  },
  "jsr": {
    "@b-fuze/deno-dom@0.1.56": {
      "integrity": "8030e2dc1d8750f1682b53462ab893d9c3470f2287feecbe22f44a88c54ab148",
      "dependencies": [
        "jsr:@denosaurs/plug"
      ]
    },
    "@denosaurs/plug@1.1.0": {
      "integrity": "eb2f0b7546c7bca2000d8b0282c54d50d91cf6d75cb26a80df25a6de8c4bc044",
      "dependencies": [
        "jsr:@std/encoding",
        "jsr:@std/fmt",
        "jsr:@std/fs",
        "jsr:@std/path@1"
      ]
    },
    "@std/assert@1.0.13": {
      "integrity": "ae0d31e41919b12c656c742b22522c32fb26ed0cba32975cb0de2a273cb68b29",
      "dependencies": [
        "jsr:@std/internal@^1.0.6"
      ]
    },
    "@std/cli@1.0.21": {
      "integrity": "cd25b050bdf6282e321854e3822bee624f07aca7636a3a76d95f77a3a919ca2a"
    },
    "@std/encoding@1.0.10": {
      "integrity": "8783c6384a2d13abd5e9e87a7ae0520a30e9f56aeeaa3bdf910a3eaaf5c811a1"
    },
    "@std/fmt@1.0.8": {
      "integrity": "71e1fc498787e4434d213647a6e43e794af4fd393ef8f52062246e06f7e372b7"
    },
    "@std/fs@1.0.19": {
      "integrity": "051968c2b1eae4d2ea9f79a08a3845740ef6af10356aff43d3e2ef11ed09fb06",
      "dependencies": [
        "jsr:@std/internal@^1.0.9",
        "jsr:@std/path@^1.1.1"
      ]
    },
    "@std/internal@1.0.10": {
      "integrity": "e3be62ce42cab0e177c27698e5d9800122f67b766a0bea6ca4867886cbde8cf7"
    },
    "@std/path@1.1.1": {
      "integrity": "fe00026bd3a7e6a27f73709b83c607798be40e20c81dde655ce34052fd82ec76",
      "dependencies": [
        "jsr:@std/internal@^1.0.9"
      ]
    }
  },
  "npm": {
    "eventemitter3@5.0.1": {
      "integrity": "sha512-GWkBvjiSZK87ELrYOSESUYeVIc9mvLLf/nXalMOS5dYrgZq9o5OVkbZAVM06CVxYsCwH9BDZFPlQTlPA1j4ahA=="
    },
    "p-queue@8.1.0": {
      "integrity": "sha512-mxLDbbGIBEXTJL0zEx8JIylaj3xQ7Z/7eEVjcF9fJX4DBiH9oqe+oahYnlKKxm0Ci9TlWTyhSHgygxMxjIB2jw==",
      "dependencies": [
        "eventemitter3",
        "p-timeout"
      ]
    },
    "p-timeout@6.1.4": {
      "integrity": "sha512-MyIV3ZA/PmyBN/ud8vV9XzwTrNtR4jFrObymZYnZqMmW0zA8Z17vnT0rBgFE/TlohB+YCHqXMgZzb3Csp49vqg=="
    }
  },
  "remote": {
    "https://deno.land/x/p_queue@1.0.1/deps.ts": "fd7b6b504a2010348d9b8530f9f79a771cc02af5c6ae6f29a1a4bd4474f11f71",
    "https://deno.land/x/p_queue@1.0.1/lower-bound.ts": "f1d7306ad51ea38e94c88d831cee43e04693df1f1483f0970ee9155b17508d2e",
    "https://deno.land/x/p_queue@1.0.1/mod.ts": "8737c55988851ce116e12e63ef1c268a26c1569ddb5d3dc41fef29e9f69ae684",
    "https://deno.land/x/p_queue@1.0.1/options.ts": "531c78d6d5f391b5d6d35c63810bab42df4f6c303be715fd43366347a747c07b",
    "https://deno.land/x/p_queue@1.0.1/priority-queue.ts": "c3aa976807703914b6f7cf6d1f8668c9f9398957089ff2998cec5d95995cff21",
    "https://deno.land/x/p_queue@1.0.1/queue.ts": "9e83295e37ef08cc13833891b064b865ad4ba559c3c7db372635eac70f8cc93c",
    "https://deno.land/x/p_timeout@1.0.1/mod.ts": "1a55ad8ab0c22383f8766639babe3adc6d87348576700c5779531456f0428111",
    "https://deno.land/x/zipjs@v2.7.34/index.js": "7c71926e0c9618e48a22d9dce701131704fd3148a1d2eefd5dba1d786c846a5f",
    "https://deno.land/x/zipjs@v2.7.34/lib/core/codec-pool.js": "bcadc41dd82392e586f8ce04791b3be92eab039fb6e09f08c86bb1b1c0419c82",
    "https://deno.land/x/zipjs@v2.7.34/lib/core/codec-worker.js": "6f93d88697747ab0391dd455b6a77a93425ac240b73094a27c61e232955d293d",
    "https://deno.land/x/zipjs@v2.7.34/lib/core/configuration.js": "baa316a63df2f8239f9d52cd4863eaedaddd34ad887b7513588da75d19e84932",
    "https://deno.land/x/zipjs@v2.7.34/lib/core/constants.js": "14fe1468b87cd0fe20c6f1fec916485f875d8592beba94c9241af4cbd12dd88f",
    "https://deno.land/x/zipjs@v2.7.34/lib/core/io.js": "32e2676531906e301dd4cfacfcefb07e5198b7acfc46f3c9ef8b9802b335fa0f",
    "https://deno.land/x/zipjs@v2.7.34/lib/core/streams/aes-crypto-stream.js": "8bc4f1490b64d8eb5850c88574ada77933c07b5052354804f19d729b8f4dd2e4",
    "https://deno.land/x/zipjs@v2.7.34/lib/core/streams/codec-stream.js": "1c0d9de91141bf89f49dc1e239dd22d75a3e46d38dd153aca1a6d48c231d4d85",
    "https://deno.land/x/zipjs@v2.7.34/lib/core/streams/codecs/crc32.js": "dfdde666f72b4a5ffc8cf5b1451e0db578ce4bd90de20df2cff5bfd47758cb23",
    "https://deno.land/x/zipjs@v2.7.34/lib/core/streams/codecs/deflate.js": "08c1b24d1845528f6db296570d690ecbe23c6c01c6cb26b561e601e770281c3a",
    "https://deno.land/x/zipjs@v2.7.34/lib/core/streams/codecs/inflate.js": "55d00eed332cf2c4f61e2ee23133e3257768d0608572ee3f9641a2921c3a6f67",
    "https://deno.land/x/zipjs@v2.7.34/lib/core/streams/codecs/sjcl.js": "462289c5312f01bba8a757a7a0f3d8f349f471183cb4c49fb73d58bba18a5428",
    "https://deno.land/x/zipjs@v2.7.34/lib/core/streams/common-crypto.js": "e3c28d03f3c2809d5bf69f31d01449679eb94cb76648e370145986313052436a",
    "https://deno.land/x/zipjs@v2.7.34/lib/core/streams/crc32-stream.js": "10e26bd18df0e1e89d61a62827a1a1c19f4e541636dd0eccbd85af3afabce289",
    "https://deno.land/x/zipjs@v2.7.34/lib/core/streams/stream-adapter.js": "9e7f3fe1601cc447943cd37b5adb6d74c6e9c404d002e707e8eace7bc048929c",
    "https://deno.land/x/zipjs@v2.7.34/lib/core/streams/zip-crypto-stream.js": "19305af1e8296e7fa6763f3391d0b8149a1e09c659e1d1ff32a484448b18243c",
    "https://deno.land/x/zipjs@v2.7.34/lib/core/streams/zip-entry-stream.js": "5434921e9901b460ece7d669337ce71bfc013db682a638e0a40caa1d8e2e479e",
    "https://deno.land/x/zipjs@v2.7.34/lib/core/util/cp437-decode.js": "d665ded184037ffe5d255be8f379f90416053e3d0d84fac95b28f4aeaab3d336",
    "https://deno.land/x/zipjs@v2.7.34/lib/core/util/decode-text.js": "c04a098fa7c16470c48b6abd4eb4ac48af53547de65e7c8f39b78ae62330ad57",
    "https://deno.land/x/zipjs@v2.7.34/lib/core/util/default-mime-type.js": "177ae00e1956d3d00cdefc40eb158cb591d3d24ede452c056d30f98d73d9cd73",
    "https://deno.land/x/zipjs@v2.7.34/lib/core/util/encode-text.js": "47f2b26231d379e3d024db0a59bc713c76392fff7bf3120dae1a48453d47f8d3",
    "https://deno.land/x/zipjs@v2.7.34/lib/core/util/mime-type.js": "6c6dfa4daf98ef59cd65118073b74f327ceab2ef28140e38934b0d15eb2b5c29",
    "https://deno.land/x/zipjs@v2.7.34/lib/core/util/stream-codec-shim.js": "22ca28de10b002d576667c30360a63a41601ab1b6a5dd12c7b91aac8f7b1781b",
    "https://deno.land/x/zipjs@v2.7.34/lib/core/zip-entry.js": "d30a535cd1e75ef98094cd04120f178c103cdc4055d23ff747ffc6a154da8d2d",
    "https://deno.land/x/zipjs@v2.7.34/lib/core/zip-fs-core.js": "d69e2299a29d968c9ddd37d98720767b0b247582d6654e90bf2028150fb3a85b",
    "https://deno.land/x/zipjs@v2.7.34/lib/core/zip-reader.js": "f613a28a6ba203e97c0d126726bd6a1e3904845581dab261b475bc34d450e0e7",
    "https://deno.land/x/zipjs@v2.7.34/lib/core/zip-writer.js": "2f607aef12964be4da2c7b672335fc3208ed3d53af9d4770fa76d65d95f6b7fb",
    "https://deno.land/x/zipjs@v2.7.34/lib/z-worker-inline.js": "644336397d472ddd88c737715708e4b7c55c471a1490d98c0ac638228b428dfc",
    "https://deno.land/x/zipjs@v2.7.34/lib/zip-fs.js": "a733360302f5fbec9cc01543cb9fcfe7bae3f35a50d0006626ce42fe8183b63f"
  },
  "workspace": {
    "dependencies": [
      "jsr:@b-fuze/deno-dom@*",
      "jsr:@std/assert@1",
      "jsr:@std/cli@1",
      "jsr:@std/fs@1",
      "jsr:@std/path@1",
      "npm:p-queue@^8.1.0"
    ]
  }
}
